// !$*UTF8*$!
{
	archiveVersion = 1;
	classes = {
	};
	objectVersion = 50;
	objects = {

/* Begin PBXBuildFile section */
		684D930020B059550015B931 /* Down.framework in Frameworks */ = {isa = PBXBuildFile; fileRef = 684D92FE20B059550015B931 /* Down.framework */; };
		684D930120B059560015B931 /* Down.framework in Embed Frameworks */ = {isa = PBXBuildFile; fileRef = 684D92FE20B059550015B931 /* Down.framework */; settings = {ATTRIBUTES = (CodeSignOnCopy, RemoveHeadersOnCopy, ); }; };
		DD0A74D6208DFD61008B0D9A /* ProgressBar.swift in Sources */ = {isa = PBXBuildFile; fileRef = DD0A74D5208DFD61008B0D9A /* ProgressBar.swift */; };
		DD1D01DF2080AF90001D833C /* NumberLabel.swift in Sources */ = {isa = PBXBuildFile; fileRef = DD1D01DE2080AF90001D833C /* NumberLabel.swift */; };
		DD1D01E42080BEEC001D833C /* LevelCell.swift in Sources */ = {isa = PBXBuildFile; fileRef = DD1D01E32080BEEC001D833C /* LevelCell.swift */; };
		DD1D01E72080C70B001D833C /* Levels.swift in Sources */ = {isa = PBXBuildFile; fileRef = DD1D01E62080C70B001D833C /* Levels.swift */; };
		DD2DD3AB20820E1E008951C1 /* NotificationService.swift in Sources */ = {isa = PBXBuildFile; fileRef = DD2DD3AA20820E1E008951C1 /* NotificationService.swift */; };
		DD2DD3B920847F6E008951C1 /* Try.storyboard in Resources */ = {isa = PBXBuildFile; fileRef = DD2DD3B820847F6E008951C1 /* Try.storyboard */; };
		DD2DD3BB208482DC008951C1 /* EncryptController.swift in Sources */ = {isa = PBXBuildFile; fileRef = DD2DD3BA208482DC008951C1 /* EncryptController.swift */; };
		DD2DD3BE2084862B008951C1 /* PickerView.swift in Sources */ = {isa = PBXBuildFile; fileRef = DD2DD3BD2084862B008951C1 /* PickerView.swift */; };
		DD37C7EB20805A7D00834BFF /* AppDelegate.swift in Sources */ = {isa = PBXBuildFile; fileRef = DD37C7EA20805A7D00834BFF /* AppDelegate.swift */; };
		DD37C7ED20805A7D00834BFF /* ViewController.swift in Sources */ = {isa = PBXBuildFile; fileRef = DD37C7EC20805A7D00834BFF /* ViewController.swift */; };
		DD37C7F020805A7D00834BFF /* Main.storyboard in Resources */ = {isa = PBXBuildFile; fileRef = DD37C7EE20805A7D00834BFF /* Main.storyboard */; };
		DD37C7F220805A7E00834BFF /* Assets.xcassets in Resources */ = {isa = PBXBuildFile; fileRef = DD37C7F120805A7E00834BFF /* Assets.xcassets */; };
		DD37C7F520805A7E00834BFF /* LaunchScreen.storyboard in Resources */ = {isa = PBXBuildFile; fileRef = DD37C7F320805A7E00834BFF /* LaunchScreen.storyboard */; };
		DD4BDFA22081AF4900498B14 /* LevelController.swift in Sources */ = {isa = PBXBuildFile; fileRef = DD4BDFA12081AF4900498B14 /* LevelController.swift */; };
		DD4BDFA92082037B00498B14 /* Good Answer.swift in Sources */ = {isa = PBXBuildFile; fileRef = DD4BDFA82082037B00498B14 /* Good Answer.swift */; };
		DD4F8F60208487B8007CB8AA /* Ciphers.swift in Sources */ = {isa = PBXBuildFile; fileRef = DD4F8F5F208487B8007CB8AA /* Ciphers.swift */; };
		DD4F8F6B208488E8007CB8AA /* caesar.swift in Sources */ = {isa = PBXBuildFile; fileRef = DD4F8F62208488E8007CB8AA /* caesar.swift */; };
		DD4F8F6C208488E8007CB8AA /* sha256.swift in Sources */ = {isa = PBXBuildFile; fileRef = DD4F8F63208488E8007CB8AA /* sha256.swift */; };
		DD4F8F6D208488E8007CB8AA /* BitShift.swift in Sources */ = {isa = PBXBuildFile; fileRef = DD4F8F64208488E8007CB8AA /* BitShift.swift */; };
		DD4F8F6E208488E8007CB8AA /* md5.swift in Sources */ = {isa = PBXBuildFile; fileRef = DD4F8F65208488E8007CB8AA /* md5.swift */; };
		DD4F8F6F208488E8007CB8AA /* b64.swift in Sources */ = {isa = PBXBuildFile; fileRef = DD4F8F66208488E8007CB8AA /* b64.swift */; };
		DD4F8F70208488E8007CB8AA /* Emoji.swift in Sources */ = {isa = PBXBuildFile; fileRef = DD4F8F67208488E8007CB8AA /* Emoji.swift */; };
		DD4F8F71208488E8007CB8AA /* XOR.swift in Sources */ = {isa = PBXBuildFile; fileRef = DD4F8F68208488E8007CB8AA /* XOR.swift */; };
		DD4F8F72208488E8007CB8AA /* ROT13.swift in Sources */ = {isa = PBXBuildFile; fileRef = DD4F8F69208488E8007CB8AA /* ROT13.swift */; };
		DD4F8F73208488E8007CB8AA /* Rail.swift in Sources */ = {isa = PBXBuildFile; fileRef = DD4F8F6A208488E8007CB8AA /* Rail.swift */; };
		DD4F8F7520872A72007CB8AA /* binascii.swift in Sources */ = {isa = PBXBuildFile; fileRef = DD4F8F7420872A72007CB8AA /* binascii.swift */; };
		DD4F8F7720873E07007CB8AA /* HashShift.swift in Sources */ = {isa = PBXBuildFile; fileRef = DD4F8F7620873E07007CB8AA /* HashShift.swift */; };
		DD7FC4A5209C8FD40037B0B6 /* Zingle.swift in Sources */ = {isa = PBXBuildFile; fileRef = DD7FC4A4209C8FD40037B0B6 /* Zingle.swift */; };
		DDD2FC93208B8E2800B2487E /* Ciphers.swift in Sources */ = {isa = PBXBuildFile; fileRef = DD4F8F5F208487B8007CB8AA /* Ciphers.swift */; };
		DDE7D67F208B1F65001E4BFE /* RobotoMono-BoldItalic.ttf in Resources */ = {isa = PBXBuildFile; fileRef = DDE7D675208B1F64001E4BFE /* RobotoMono-BoldItalic.ttf */; };
		DDE7D680208B1F65001E4BFE /* RobotoMono-Italic.ttf in Resources */ = {isa = PBXBuildFile; fileRef = DDE7D676208B1F64001E4BFE /* RobotoMono-Italic.ttf */; };
		DDE7D681208B1F65001E4BFE /* RobotoMono-Medium.ttf in Resources */ = {isa = PBXBuildFile; fileRef = DDE7D677208B1F64001E4BFE /* RobotoMono-Medium.ttf */; };
		DDE7D682208B1F65001E4BFE /* RobotoMono-MediumItalic.ttf in Resources */ = {isa = PBXBuildFile; fileRef = DDE7D678208B1F64001E4BFE /* RobotoMono-MediumItalic.ttf */; };
		DDE7D683208B1F65001E4BFE /* RobotoMono-LightItalic.ttf in Resources */ = {isa = PBXBuildFile; fileRef = DDE7D679208B1F64001E4BFE /* RobotoMono-LightItalic.ttf */; };
		DDE7D684208B1F65001E4BFE /* RobotoMono-ThinItalic.ttf in Resources */ = {isa = PBXBuildFile; fileRef = DDE7D67A208B1F65001E4BFE /* RobotoMono-ThinItalic.ttf */; };
		DDE7D685208B1F65001E4BFE /* RobotoMono-Regular.ttf in Resources */ = {isa = PBXBuildFile; fileRef = DDE7D67B208B1F65001E4BFE /* RobotoMono-Regular.ttf */; };
		DDE7D686208B1F65001E4BFE /* RobotoMono-Thin.ttf in Resources */ = {isa = PBXBuildFile; fileRef = DDE7D67C208B1F65001E4BFE /* RobotoMono-Thin.ttf */; };
		DDE7D687208B1F65001E4BFE /* RobotoMono-Bold.ttf in Resources */ = {isa = PBXBuildFile; fileRef = DDE7D67D208B1F65001E4BFE /* RobotoMono-Bold.ttf */; };
		DDE7D688208B1F65001E4BFE /* RobotoMono-Light.ttf in Resources */ = {isa = PBXBuildFile; fileRef = DDE7D67E208B1F65001E4BFE /* RobotoMono-Light.ttf */; };
		DDE7D68A208B210D001E4BFE /* SwiftyJSON.framework in Frameworks */ = {isa = PBXBuildFile; fileRef = DDE7D689208B210D001E4BFE /* SwiftyJSON.framework */; };
		DDE7D68B208B210D001E4BFE /* SwiftyJSON.framework in Embed Frameworks */ = {isa = PBXBuildFile; fileRef = DDE7D689208B210D001E4BFE /* SwiftyJSON.framework */; settings = {ATTRIBUTES = (CodeSignOnCopy, RemoveHeadersOnCopy, ); }; };
		DDE7D691208B212C001E4BFE /* Alamofire.framework in Frameworks */ = {isa = PBXBuildFile; fileRef = DDE7D690208B212C001E4BFE /* Alamofire.framework */; };
		DDE7D692208B212C001E4BFE /* Alamofire.framework in Embed Frameworks */ = {isa = PBXBuildFile; fileRef = DDE7D690208B212C001E4BFE /* Alamofire.framework */; settings = {ATTRIBUTES = (CodeSignOnCopy, RemoveHeadersOnCopy, ); }; };
		DDE7D694208B213B001E4BFE /* OneSignal.framework in Frameworks */ = {isa = PBXBuildFile; fileRef = DDE7D693208B213B001E4BFE /* OneSignal.framework */; };
		DDE7D695208B213B001E4BFE /* OneSignal.framework in Embed Frameworks */ = {isa = PBXBuildFile; fileRef = DDE7D693208B213B001E4BFE /* OneSignal.framework */; settings = {ATTRIBUTES = (CodeSignOnCopy, RemoveHeadersOnCopy, ); }; };
		DDE7D697208B257A001E4BFE /* GoogleReporter.swift in Sources */ = {isa = PBXBuildFile; fileRef = DDE7D696208B257A001E4BFE /* GoogleReporter.swift */; };
		DDE7D69F208B65AB001E4BFE /* Messages.framework in Frameworks */ = {isa = PBXBuildFile; fileRef = DDE7D69E208B65AB001E4BFE /* Messages.framework */; };
		DDE7D6A2208B65AB001E4BFE /* MessagesViewController.swift in Sources */ = {isa = PBXBuildFile; fileRef = DDE7D6A1208B65AB001E4BFE /* MessagesViewController.swift */; };
		DDE7D6A5208B65AB001E4BFE /* MainInterface.storyboard in Resources */ = {isa = PBXBuildFile; fileRef = DDE7D6A3208B65AB001E4BFE /* MainInterface.storyboard */; };
		DDE7D6A7208B65AD001E4BFE /* Assets.xcassets in Resources */ = {isa = PBXBuildFile; fileRef = DDE7D6A6208B65AD001E4BFE /* Assets.xcassets */; };
		DDE7D6AB208B65AD001E4BFE /* iMessage.appex in Embed App Extensions */ = {isa = PBXBuildFile; fileRef = DDE7D69C208B65AB001E4BFE /* iMessage.appex */; settings = {ATTRIBUTES = (RemoveHeadersOnCopy, ); }; };
		DDE7D6B0208B66F3001E4BFE /* caesar.swift in Sources */ = {isa = PBXBuildFile; fileRef = DD4F8F62208488E8007CB8AA /* caesar.swift */; };
		DDE7D6B1208B66F3001E4BFE /* sha256.swift in Sources */ = {isa = PBXBuildFile; fileRef = DD4F8F63208488E8007CB8AA /* sha256.swift */; };
		DDE7D6B2208B66F3001E4BFE /* BitShift.swift in Sources */ = {isa = PBXBuildFile; fileRef = DD4F8F64208488E8007CB8AA /* BitShift.swift */; };
		DDE7D6B3208B66F3001E4BFE /* md5.swift in Sources */ = {isa = PBXBuildFile; fileRef = DD4F8F65208488E8007CB8AA /* md5.swift */; };
		DDE7D6B4208B66F3001E4BFE /* b64.swift in Sources */ = {isa = PBXBuildFile; fileRef = DD4F8F66208488E8007CB8AA /* b64.swift */; };
		DDE7D6B5208B66F3001E4BFE /* Emoji.swift in Sources */ = {isa = PBXBuildFile; fileRef = DD4F8F67208488E8007CB8AA /* Emoji.swift */; };
		DDE7D6B6208B66F3001E4BFE /* XOR.swift in Sources */ = {isa = PBXBuildFile; fileRef = DD4F8F68208488E8007CB8AA /* XOR.swift */; };
		DDE7D6B7208B66F3001E4BFE /* ROT13.swift in Sources */ = {isa = PBXBuildFile; fileRef = DD4F8F69208488E8007CB8AA /* ROT13.swift */; };
		DDE7D6B8208B66F3001E4BFE /* Rail.swift in Sources */ = {isa = PBXBuildFile; fileRef = DD4F8F6A208488E8007CB8AA /* Rail.swift */; };
		DDE7D6B9208B66F3001E4BFE /* binascii.swift in Sources */ = {isa = PBXBuildFile; fileRef = DD4F8F7420872A72007CB8AA /* binascii.swift */; };
		DDE7D6BA208B66F3001E4BFE /* HashShift.swift in Sources */ = {isa = PBXBuildFile; fileRef = DD4F8F7620873E07007CB8AA /* HashShift.swift */; };
		DDE7D6BC208B693F001E4BFE /* Parser.swift in Sources */ = {isa = PBXBuildFile; fileRef = DDE7D6BB208B693F001E4BFE /* Parser.swift */; };
/* End PBXBuildFile section */

/* Begin PBXContainerItemProxy section */
		DDE7D6A9208B65AD001E4BFE /* PBXContainerItemProxy */ = {
			isa = PBXContainerItemProxy;
			containerPortal = DD37C7DF20805A7D00834BFF /* Project object */;
			proxyType = 1;
			remoteGlobalIDString = DDE7D69B208B65AB001E4BFE;
			remoteInfo = iMessage;
		};
/* End PBXContainerItemProxy section */

/* Begin PBXCopyFilesBuildPhase section */
		DD37C82020805A8000834BFF /* Embed Watch Content */ = {
			isa = PBXCopyFilesBuildPhase;
			buildActionMask = 2147483647;
			dstPath = "$(CONTENTS_FOLDER_PATH)/Watch";
			dstSubfolderSpec = 16;
			files = (
			);
			name = "Embed Watch Content";
			runOnlyForDeploymentPostprocessing = 0;
		};
		DDE7D68C208B210D001E4BFE /* Embed Frameworks */ = {
			isa = PBXCopyFilesBuildPhase;
			buildActionMask = 2147483647;
			dstPath = "";
			dstSubfolderSpec = 10;
			files = (
				DDE7D692208B212C001E4BFE /* Alamofire.framework in Embed Frameworks */,
				DDE7D68B208B210D001E4BFE /* SwiftyJSON.framework in Embed Frameworks */,
				684D930120B059560015B931 /* Down.framework in Embed Frameworks */,
				DDE7D695208B213B001E4BFE /* OneSignal.framework in Embed Frameworks */,
			);
			name = "Embed Frameworks";
			runOnlyForDeploymentPostprocessing = 0;
		};
		DDE7D6AF208B65AD001E4BFE /* Embed App Extensions */ = {
			isa = PBXCopyFilesBuildPhase;
			buildActionMask = 2147483647;
			dstPath = "";
			dstSubfolderSpec = 13;
			files = (
				DDE7D6AB208B65AD001E4BFE /* iMessage.appex in Embed App Extensions */,
			);
			name = "Embed App Extensions";
			runOnlyForDeploymentPostprocessing = 0;
		};
/* End PBXCopyFilesBuildPhase section */

/* Begin PBXFileReference section */
		684D92FE20B059550015B931 /* Down.framework */ = {isa = PBXFileReference; lastKnownFileType = wrapper.framework; name = Down.framework; path = Carthage/Build/iOS/Down.framework; sourceTree = "<group>"; };
		DD0A74D5208DFD61008B0D9A /* ProgressBar.swift */ = {isa = PBXFileReference; lastKnownFileType = sourcecode.swift; path = ProgressBar.swift; sourceTree = "<group>"; };
		DD1D01C12080A65F001D833C /* CrypTools.entitlements */ = {isa = PBXFileReference; lastKnownFileType = text.plist.entitlements; path = CrypTools.entitlements; sourceTree = "<group>"; };
		DD1D01DE2080AF90001D833C /* NumberLabel.swift */ = {isa = PBXFileReference; lastKnownFileType = sourcecode.swift; path = NumberLabel.swift; sourceTree = "<group>"; };
		DD1D01E32080BEEC001D833C /* LevelCell.swift */ = {isa = PBXFileReference; lastKnownFileType = sourcecode.swift; path = LevelCell.swift; sourceTree = "<group>"; };
		DD1D01E62080C70B001D833C /* Levels.swift */ = {isa = PBXFileReference; lastKnownFileType = sourcecode.swift; path = Levels.swift; sourceTree = "<group>"; };
		DD2DD3A820820E1E008951C1 /* OneSignalNotificationServiceExtension.appex */ = {isa = PBXFileReference; explicitFileType = "wrapper.app-extension"; includeInIndex = 0; path = OneSignalNotificationServiceExtension.appex; sourceTree = BUILT_PRODUCTS_DIR; };
		DD2DD3AA20820E1E008951C1 /* NotificationService.swift */ = {isa = PBXFileReference; lastKnownFileType = sourcecode.swift; path = NotificationService.swift; sourceTree = "<group>"; };
		DD2DD3AC20820E1E008951C1 /* Info.plist */ = {isa = PBXFileReference; lastKnownFileType = text.plist.xml; path = Info.plist; sourceTree = "<group>"; };
		DD2DD3B820847F6E008951C1 /* Try.storyboard */ = {isa = PBXFileReference; lastKnownFileType = file.storyboard; path = Try.storyboard; sourceTree = "<group>"; };
		DD2DD3BA208482DC008951C1 /* EncryptController.swift */ = {isa = PBXFileReference; lastKnownFileType = sourcecode.swift; path = EncryptController.swift; sourceTree = "<group>"; };
		DD2DD3BD2084862B008951C1 /* PickerView.swift */ = {isa = PBXFileReference; lastKnownFileType = sourcecode.swift; path = PickerView.swift; sourceTree = "<group>"; };
		DD37C7E720805A7D00834BFF /* CrypTools.app */ = {isa = PBXFileReference; explicitFileType = wrapper.application; includeInIndex = 0; path = CrypTools.app; sourceTree = BUILT_PRODUCTS_DIR; };
		DD37C7EA20805A7D00834BFF /* AppDelegate.swift */ = {isa = PBXFileReference; lastKnownFileType = sourcecode.swift; path = AppDelegate.swift; sourceTree = "<group>"; };
		DD37C7EC20805A7D00834BFF /* ViewController.swift */ = {isa = PBXFileReference; lastKnownFileType = sourcecode.swift; path = ViewController.swift; sourceTree = "<group>"; };
		DD37C7EF20805A7D00834BFF /* Base */ = {isa = PBXFileReference; lastKnownFileType = file.storyboard; name = Base; path = Base.lproj/Main.storyboard; sourceTree = "<group>"; };
		DD37C7F120805A7E00834BFF /* Assets.xcassets */ = {isa = PBXFileReference; lastKnownFileType = folder.assetcatalog; path = Assets.xcassets; sourceTree = "<group>"; };
		DD37C7F420805A7E00834BFF /* Base */ = {isa = PBXFileReference; lastKnownFileType = file.storyboard; name = Base; path = Base.lproj/LaunchScreen.storyboard; sourceTree = "<group>"; };
		DD37C7F620805A7E00834BFF /* Info.plist */ = {isa = PBXFileReference; lastKnownFileType = text.plist.xml; path = Info.plist; sourceTree = "<group>"; };
		DD4BDFA12081AF4900498B14 /* LevelController.swift */ = {isa = PBXFileReference; lastKnownFileType = sourcecode.swift; path = LevelController.swift; sourceTree = "<group>"; };
		DD4BDFA82082037B00498B14 /* Good Answer.swift */ = {isa = PBXFileReference; lastKnownFileType = sourcecode.swift; path = "Good Answer.swift"; sourceTree = "<group>"; };
		DD4F8F5F208487B8007CB8AA /* Ciphers.swift */ = {isa = PBXFileReference; lastKnownFileType = sourcecode.swift; path = Ciphers.swift; sourceTree = "<group>"; };
		DD4F8F62208488E8007CB8AA /* caesar.swift */ = {isa = PBXFileReference; fileEncoding = 4; lastKnownFileType = sourcecode.swift; path = caesar.swift; sourceTree = "<group>"; };
		DD4F8F63208488E8007CB8AA /* sha256.swift */ = {isa = PBXFileReference; fileEncoding = 4; lastKnownFileType = sourcecode.swift; path = sha256.swift; sourceTree = "<group>"; };
		DD4F8F64208488E8007CB8AA /* BitShift.swift */ = {isa = PBXFileReference; fileEncoding = 4; lastKnownFileType = sourcecode.swift; path = BitShift.swift; sourceTree = "<group>"; };
		DD4F8F65208488E8007CB8AA /* md5.swift */ = {isa = PBXFileReference; fileEncoding = 4; lastKnownFileType = sourcecode.swift; path = md5.swift; sourceTree = "<group>"; };
		DD4F8F66208488E8007CB8AA /* b64.swift */ = {isa = PBXFileReference; fileEncoding = 4; lastKnownFileType = sourcecode.swift; path = b64.swift; sourceTree = "<group>"; };
		DD4F8F67208488E8007CB8AA /* Emoji.swift */ = {isa = PBXFileReference; fileEncoding = 4; lastKnownFileType = sourcecode.swift; path = Emoji.swift; sourceTree = "<group>"; };
		DD4F8F68208488E8007CB8AA /* XOR.swift */ = {isa = PBXFileReference; fileEncoding = 4; lastKnownFileType = sourcecode.swift; path = XOR.swift; sourceTree = "<group>"; };
		DD4F8F69208488E8007CB8AA /* ROT13.swift */ = {isa = PBXFileReference; fileEncoding = 4; lastKnownFileType = sourcecode.swift; path = ROT13.swift; sourceTree = "<group>"; };
		DD4F8F6A208488E8007CB8AA /* Rail.swift */ = {isa = PBXFileReference; fileEncoding = 4; lastKnownFileType = sourcecode.swift; path = Rail.swift; sourceTree = "<group>"; };
		DD4F8F7420872A72007CB8AA /* binascii.swift */ = {isa = PBXFileReference; lastKnownFileType = sourcecode.swift; path = binascii.swift; sourceTree = "<group>"; };
		DD4F8F7620873E07007CB8AA /* HashShift.swift */ = {isa = PBXFileReference; lastKnownFileType = sourcecode.swift; path = HashShift.swift; sourceTree = "<group>"; };
		DD7FC4A4209C8FD40037B0B6 /* Zingle.swift */ = {isa = PBXFileReference; lastKnownFileType = sourcecode.swift; path = Zingle.swift; sourceTree = "<group>"; };
		DDE7D675208B1F64001E4BFE /* RobotoMono-BoldItalic.ttf */ = {isa = PBXFileReference; lastKnownFileType = file; path = "RobotoMono-BoldItalic.ttf"; sourceTree = "<group>"; };
		DDE7D676208B1F64001E4BFE /* RobotoMono-Italic.ttf */ = {isa = PBXFileReference; lastKnownFileType = file; path = "RobotoMono-Italic.ttf"; sourceTree = "<group>"; };
		DDE7D677208B1F64001E4BFE /* RobotoMono-Medium.ttf */ = {isa = PBXFileReference; lastKnownFileType = file; path = "RobotoMono-Medium.ttf"; sourceTree = "<group>"; };
		DDE7D678208B1F64001E4BFE /* RobotoMono-MediumItalic.ttf */ = {isa = PBXFileReference; lastKnownFileType = file; path = "RobotoMono-MediumItalic.ttf"; sourceTree = "<group>"; };
		DDE7D679208B1F64001E4BFE /* RobotoMono-LightItalic.ttf */ = {isa = PBXFileReference; lastKnownFileType = file; path = "RobotoMono-LightItalic.ttf"; sourceTree = "<group>"; };
		DDE7D67A208B1F65001E4BFE /* RobotoMono-ThinItalic.ttf */ = {isa = PBXFileReference; lastKnownFileType = file; path = "RobotoMono-ThinItalic.ttf"; sourceTree = "<group>"; };
		DDE7D67B208B1F65001E4BFE /* RobotoMono-Regular.ttf */ = {isa = PBXFileReference; lastKnownFileType = file; path = "RobotoMono-Regular.ttf"; sourceTree = "<group>"; };
		DDE7D67C208B1F65001E4BFE /* RobotoMono-Thin.ttf */ = {isa = PBXFileReference; lastKnownFileType = file; path = "RobotoMono-Thin.ttf"; sourceTree = "<group>"; };
		DDE7D67D208B1F65001E4BFE /* RobotoMono-Bold.ttf */ = {isa = PBXFileReference; lastKnownFileType = file; path = "RobotoMono-Bold.ttf"; sourceTree = "<group>"; };
		DDE7D67E208B1F65001E4BFE /* RobotoMono-Light.ttf */ = {isa = PBXFileReference; lastKnownFileType = file; path = "RobotoMono-Light.ttf"; sourceTree = "<group>"; };
		DDE7D689208B210D001E4BFE /* SwiftyJSON.framework */ = {isa = PBXFileReference; lastKnownFileType = wrapper.framework; name = SwiftyJSON.framework; path = Carthage/Build/iOS/SwiftyJSON.framework; sourceTree = "<group>"; };
		DDE7D690208B212C001E4BFE /* Alamofire.framework */ = {isa = PBXFileReference; lastKnownFileType = wrapper.framework; name = Alamofire.framework; path = Carthage/Build/iOS/Alamofire.framework; sourceTree = "<group>"; };
		DDE7D693208B213B001E4BFE /* OneSignal.framework */ = {isa = PBXFileReference; lastKnownFileType = wrapper.framework; name = OneSignal.framework; path = Carthage/Build/iOS/OneSignal.framework; sourceTree = "<group>"; };
		DDE7D696208B257A001E4BFE /* GoogleReporter.swift */ = {isa = PBXFileReference; lastKnownFileType = sourcecode.swift; path = GoogleReporter.swift; sourceTree = "<group>"; };
		DDE7D69C208B65AB001E4BFE /* iMessage.appex */ = {isa = PBXFileReference; explicitFileType = "wrapper.app-extension"; includeInIndex = 0; path = iMessage.appex; sourceTree = BUILT_PRODUCTS_DIR; };
		DDE7D69E208B65AB001E4BFE /* Messages.framework */ = {isa = PBXFileReference; lastKnownFileType = wrapper.framework; name = Messages.framework; path = System/Library/Frameworks/Messages.framework; sourceTree = SDKROOT; };
		DDE7D6A1208B65AB001E4BFE /* MessagesViewController.swift */ = {isa = PBXFileReference; lastKnownFileType = sourcecode.swift; path = MessagesViewController.swift; sourceTree = "<group>"; };
		DDE7D6A4208B65AB001E4BFE /* Base */ = {isa = PBXFileReference; lastKnownFileType = file.storyboard; name = Base; path = Base.lproj/MainInterface.storyboard; sourceTree = "<group>"; };
		DDE7D6A6208B65AD001E4BFE /* Assets.xcassets */ = {isa = PBXFileReference; lastKnownFileType = folder.assetcatalog; path = Assets.xcassets; sourceTree = "<group>"; };
		DDE7D6A8208B65AD001E4BFE /* Info.plist */ = {isa = PBXFileReference; lastKnownFileType = text.plist.xml; path = Info.plist; sourceTree = "<group>"; };
		DDE7D6BB208B693F001E4BFE /* Parser.swift */ = {isa = PBXFileReference; lastKnownFileType = sourcecode.swift; path = Parser.swift; sourceTree = "<group>"; };
/* End PBXFileReference section */

/* Begin PBXFrameworksBuildPhase section */
		DD2DD3A520820E1E008951C1 /* Frameworks */ = {
			isa = PBXFrameworksBuildPhase;
			buildActionMask = 2147483647;
			files = (
			);
			runOnlyForDeploymentPostprocessing = 0;
		};
		DD37C7E420805A7D00834BFF /* Frameworks */ = {
			isa = PBXFrameworksBuildPhase;
			buildActionMask = 2147483647;
			files = (
				DDE7D691208B212C001E4BFE /* Alamofire.framework in Frameworks */,
				DDE7D68A208B210D001E4BFE /* SwiftyJSON.framework in Frameworks */,
				684D930020B059550015B931 /* Down.framework in Frameworks */,
				DDE7D694208B213B001E4BFE /* OneSignal.framework in Frameworks */,
			);
			runOnlyForDeploymentPostprocessing = 0;
		};
		DDE7D699208B65AB001E4BFE /* Frameworks */ = {
			isa = PBXFrameworksBuildPhase;
			buildActionMask = 2147483647;
			files = (
				DDE7D69F208B65AB001E4BFE /* Messages.framework in Frameworks */,
			);
			runOnlyForDeploymentPostprocessing = 0;
		};
/* End PBXFrameworksBuildPhase section */

/* Begin PBXGroup section */
		DD1D01C32080AB43001D833C /* Controllers */ = {
			isa = PBXGroup;
			children = (
				DD37C7EC20805A7D00834BFF /* ViewController.swift */,
				DD1D01E32080BEEC001D833C /* LevelCell.swift */,
				DD4BDFA12081AF4900498B14 /* LevelController.swift */,
				DD4BDFA82082037B00498B14 /* Good Answer.swift */,
				DD2DD3BA208482DC008951C1 /* EncryptController.swift */,
			);
			path = Controllers;
			sourceTree = "<group>";
		};
		DD1D01C82080AE02001D833C /* Fonts */ = {
			isa = PBXGroup;
			children = (
				DDE7D67D208B1F65001E4BFE /* RobotoMono-Bold.ttf */,
				DDE7D675208B1F64001E4BFE /* RobotoMono-BoldItalic.ttf */,
				DDE7D676208B1F64001E4BFE /* RobotoMono-Italic.ttf */,
				DDE7D67E208B1F65001E4BFE /* RobotoMono-Light.ttf */,
				DDE7D679208B1F64001E4BFE /* RobotoMono-LightItalic.ttf */,
				DDE7D677208B1F64001E4BFE /* RobotoMono-Medium.ttf */,
				DDE7D678208B1F64001E4BFE /* RobotoMono-MediumItalic.ttf */,
				DDE7D67B208B1F65001E4BFE /* RobotoMono-Regular.ttf */,
				DDE7D67C208B1F65001E4BFE /* RobotoMono-Thin.ttf */,
				DDE7D67A208B1F65001E4BFE /* RobotoMono-ThinItalic.ttf */,
			);
			path = Fonts;
			sourceTree = "<group>";
		};
		DD1D01DD2080AF57001D833C /* Design */ = {
			isa = PBXGroup;
			children = (
				DD1D01DE2080AF90001D833C /* NumberLabel.swift */,
				DD0A74D5208DFD61008B0D9A /* ProgressBar.swift */,
			);
			path = Design;
			sourceTree = "<group>";
		};
		DD1D01E52080C6FD001D833C /* Objects */ = {
			isa = PBXGroup;
			children = (
				DD1D01E62080C70B001D833C /* Levels.swift */,
				DD4F8F5F208487B8007CB8AA /* Ciphers.swift */,
			);
			path = Objects;
			sourceTree = "<group>";
		};
		DD2DD3A920820E1E008951C1 /* OneSignalNotificationServiceExtension */ = {
			isa = PBXGroup;
			children = (
				DD2DD3AA20820E1E008951C1 /* NotificationService.swift */,
				DD2DD3AC20820E1E008951C1 /* Info.plist */,
			);
			path = OneSignalNotificationServiceExtension;
			sourceTree = "<group>";
		};
		DD2DD3B720847F31008951C1 /* Storyboards */ = {
			isa = PBXGroup;
			children = (
				DD37C7EE20805A7D00834BFF /* Main.storyboard */,
				DD37C7F320805A7E00834BFF /* LaunchScreen.storyboard */,
				DD2DD3B820847F6E008951C1 /* Try.storyboard */,
			);
			path = Storyboards;
			sourceTree = "<group>";
		};
		DD2DD3BC20848618008951C1 /* Extensions */ = {
			isa = PBXGroup;
			children = (
				DD2DD3BD2084862B008951C1 /* PickerView.swift */,
				DDE7D696208B257A001E4BFE /* GoogleReporter.swift */,
				DD7FC4A4209C8FD40037B0B6 /* Zingle.swift */,
			);
			path = Extensions;
			sourceTree = "<group>";
		};
		DD37C7DE20805A7D00834BFF = {
			isa = PBXGroup;
			children = (
				DD37C7E920805A7D00834BFF /* CrypTools */,
				DDE7D6A0208B65AB001E4BFE /* iMessage */,
				DD2DD3A920820E1E008951C1 /* OneSignalNotificationServiceExtension */,
				DDE7D69D208B65AB001E4BFE /* Frameworks */,
				684D92FE20B059550015B931 /* Down.framework */,
				DD37C7E820805A7D00834BFF /* Products */,
				DDE7D693208B213B001E4BFE /* OneSignal.framework */,
				DDE7D690208B212C001E4BFE /* Alamofire.framework */,
				DDE7D689208B210D001E4BFE /* SwiftyJSON.framework */,
			);
			sourceTree = "<group>";
		};
		DD37C7E820805A7D00834BFF /* Products */ = {
			isa = PBXGroup;
			children = (
				DD37C7E720805A7D00834BFF /* CrypTools.app */,
				DD2DD3A820820E1E008951C1 /* OneSignalNotificationServiceExtension.appex */,
				DDE7D69C208B65AB001E4BFE /* iMessage.appex */,
			);
			name = Products;
			sourceTree = "<group>";
		};
		DD37C7E920805A7D00834BFF /* CrypTools */ = {
			isa = PBXGroup;
			children = (
				DD4F8F61208488E8007CB8AA /* Ciphers */,
				DD2DD3BC20848618008951C1 /* Extensions */,
				DD2DD3B720847F31008951C1 /* Storyboards */,
				DD1D01E52080C6FD001D833C /* Objects */,
				DD1D01DD2080AF57001D833C /* Design */,
				DD1D01C82080AE02001D833C /* Fonts */,
				DD1D01C32080AB43001D833C /* Controllers */,
				DD1D01C12080A65F001D833C /* CrypTools.entitlements */,
				DD37C7EA20805A7D00834BFF /* AppDelegate.swift */,
				DD37C7F120805A7E00834BFF /* Assets.xcassets */,
				DD37C7F620805A7E00834BFF /* Info.plist */,
			);
			path = CrypTools;
			sourceTree = "<group>";
		};
		DD4F8F61208488E8007CB8AA /* Ciphers */ = {
			isa = PBXGroup;
			children = (
				DD4F8F62208488E8007CB8AA /* caesar.swift */,
				DD4F8F63208488E8007CB8AA /* sha256.swift */,
				DD4F8F64208488E8007CB8AA /* BitShift.swift */,
				DD4F8F65208488E8007CB8AA /* md5.swift */,
				DD4F8F66208488E8007CB8AA /* b64.swift */,
				DD4F8F67208488E8007CB8AA /* Emoji.swift */,
				DD4F8F68208488E8007CB8AA /* XOR.swift */,
				DD4F8F69208488E8007CB8AA /* ROT13.swift */,
				DD4F8F6A208488E8007CB8AA /* Rail.swift */,
				DD4F8F7420872A72007CB8AA /* binascii.swift */,
				DD4F8F7620873E07007CB8AA /* HashShift.swift */,
			);
			path = Ciphers;
			sourceTree = "<group>";
		};
		DDE7D69D208B65AB001E4BFE /* Frameworks */ = {
			isa = PBXGroup;
			children = (
				DDE7D69E208B65AB001E4BFE /* Messages.framework */,
			);
			name = Frameworks;
			sourceTree = "<group>";
		};
		DDE7D6A0208B65AB001E4BFE /* iMessage */ = {
			isa = PBXGroup;
			children = (
				DDE7D6A1208B65AB001E4BFE /* MessagesViewController.swift */,
				DDE7D6A3208B65AB001E4BFE /* MainInterface.storyboard */,
				DDE7D6A6208B65AD001E4BFE /* Assets.xcassets */,
				DDE7D6A8208B65AD001E4BFE /* Info.plist */,
				DDE7D6BB208B693F001E4BFE /* Parser.swift */,
			);
			path = iMessage;
			sourceTree = "<group>";
		};
/* End PBXGroup section */

/* Begin PBXNativeTarget section */
		DD2DD3A720820E1E008951C1 /* OneSignalNotificationServiceExtension */ = {
			isa = PBXNativeTarget;
			buildConfigurationList = DD2DD3B220820E1E008951C1 /* Build configuration list for PBXNativeTarget "OneSignalNotificationServiceExtension" */;
			buildPhases = (
				DD2DD3A420820E1E008951C1 /* Sources */,
				DD2DD3A520820E1E008951C1 /* Frameworks */,
				DD2DD3A620820E1E008951C1 /* Resources */,
			);
			buildRules = (
			);
			dependencies = (
			);
			name = OneSignalNotificationServiceExtension;
			productName = OneSignalNotificationServiceExtension;
			productReference = DD2DD3A820820E1E008951C1 /* OneSignalNotificationServiceExtension.appex */;
			productType = "com.apple.product-type.app-extension";
		};
		DD37C7E620805A7D00834BFF /* CrypTools */ = {
			isa = PBXNativeTarget;
			buildConfigurationList = DD37C82120805A8000834BFF /* Build configuration list for PBXNativeTarget "CrypTools" */;
			buildPhases = (
				DD1D01C020806550001D833C /* ShellScript */,
				DD37C7E320805A7D00834BFF /* Sources */,
				DD37C7E420805A7D00834BFF /* Frameworks */,
				DD37C7E520805A7D00834BFF /* Resources */,
				DD37C82020805A8000834BFF /* Embed Watch Content */,
				DDE7D68C208B210D001E4BFE /* Embed Frameworks */,
				DDE7D6AF208B65AD001E4BFE /* Embed App Extensions */,
			);
			buildRules = (
			);
			dependencies = (
				DDE7D6AA208B65AD001E4BFE /* PBXTargetDependency */,
			);
			name = CrypTools;
			productName = CrypTools;
			productReference = DD37C7E720805A7D00834BFF /* CrypTools.app */;
			productType = "com.apple.product-type.application";
		};
		DDE7D69B208B65AB001E4BFE /* iMessage */ = {
			isa = PBXNativeTarget;
			buildConfigurationList = DDE7D6AC208B65AD001E4BFE /* Build configuration list for PBXNativeTarget "iMessage" */;
			buildPhases = (
				DDE7D698208B65AB001E4BFE /* Sources */,
				DDE7D699208B65AB001E4BFE /* Frameworks */,
				DDE7D69A208B65AB001E4BFE /* Resources */,
			);
			buildRules = (
			);
			dependencies = (
			);
			name = iMessage;
			productName = iMessage;
			productReference = DDE7D69C208B65AB001E4BFE /* iMessage.appex */;
			productType = "com.apple.product-type.app-extension.messages";
		};
/* End PBXNativeTarget section */

/* Begin PBXProject section */
		DD37C7DF20805A7D00834BFF /* Project object */ = {
			isa = PBXProject;
			attributes = {
				LastSwiftUpdateCheck = 0930;
				LastUpgradeCheck = 0930;
				ORGANIZATIONNAME = "Arthur Guiot";
				TargetAttributes = {
					DD2DD3A720820E1E008951C1 = {
						CreatedOnToolsVersion = 9.3;
					};
					DD37C7E620805A7D00834BFF = {
						CreatedOnToolsVersion = 9.3;
						SystemCapabilities = {
							com.apple.ApplicationGroups.iOS = {
								enabled = 1;
							};
							com.apple.BackgroundModes = {
								enabled = 1;
							};
						};
					};
					DDE7D69B208B65AB001E4BFE = {
						CreatedOnToolsVersion = 9.3;
					};
				};
			};
			buildConfigurationList = DD37C7E220805A7D00834BFF /* Build configuration list for PBXProject "CrypTools" */;
			compatibilityVersion = "Xcode 9.3";
			developmentRegion = en;
			hasScannedForEncodings = 0;
			knownRegions = (
				en,
				Base,
			);
			mainGroup = DD37C7DE20805A7D00834BFF;
			productRefGroup = DD37C7E820805A7D00834BFF /* Products */;
			projectDirPath = "";
			projectRoot = "";
			targets = (
				DD37C7E620805A7D00834BFF /* CrypTools */,
				DD2DD3A720820E1E008951C1 /* OneSignalNotificationServiceExtension */,
				DDE7D69B208B65AB001E4BFE /* iMessage */,
			);
		};
/* End PBXProject section */

/* Begin PBXResourcesBuildPhase section */
		DD2DD3A620820E1E008951C1 /* Resources */ = {
			isa = PBXResourcesBuildPhase;
			buildActionMask = 2147483647;
			files = (
			);
			runOnlyForDeploymentPostprocessing = 0;
		};
		DD37C7E520805A7D00834BFF /* Resources */ = {
			isa = PBXResourcesBuildPhase;
			buildActionMask = 2147483647;
			files = (
				DD37C7F520805A7E00834BFF /* LaunchScreen.storyboard in Resources */,
				DDE7D682208B1F65001E4BFE /* RobotoMono-MediumItalic.ttf in Resources */,
				DDE7D687208B1F65001E4BFE /* RobotoMono-Bold.ttf in Resources */,
				DD37C7F220805A7E00834BFF /* Assets.xcassets in Resources */,
				DDE7D681208B1F65001E4BFE /* RobotoMono-Medium.ttf in Resources */,
				DD37C7F020805A7D00834BFF /* Main.storyboard in Resources */,
				DDE7D686208B1F65001E4BFE /* RobotoMono-Thin.ttf in Resources */,
				DDE7D684208B1F65001E4BFE /* RobotoMono-ThinItalic.ttf in Resources */,
				DDE7D683208B1F65001E4BFE /* RobotoMono-LightItalic.ttf in Resources */,
				DDE7D688208B1F65001E4BFE /* RobotoMono-Light.ttf in Resources */,
				DD2DD3B920847F6E008951C1 /* Try.storyboard in Resources */,
				DDE7D680208B1F65001E4BFE /* RobotoMono-Italic.ttf in Resources */,
				DDE7D685208B1F65001E4BFE /* RobotoMono-Regular.ttf in Resources */,
				DDE7D67F208B1F65001E4BFE /* RobotoMono-BoldItalic.ttf in Resources */,
			);
			runOnlyForDeploymentPostprocessing = 0;
		};
		DDE7D69A208B65AB001E4BFE /* Resources */ = {
			isa = PBXResourcesBuildPhase;
			buildActionMask = 2147483647;
			files = (
				DDE7D6A7208B65AD001E4BFE /* Assets.xcassets in Resources */,
				DDE7D6A5208B65AB001E4BFE /* MainInterface.storyboard in Resources */,
			);
			runOnlyForDeploymentPostprocessing = 0;
		};
/* End PBXResourcesBuildPhase section */

/* Begin PBXShellScriptBuildPhase section */
		DD1D01C020806550001D833C /* ShellScript */ = {
			isa = PBXShellScriptBuildPhase;
			buildActionMask = 2147483647;
			files = (
			);
			inputPaths = (
			);
			outputPaths = (
			);
			runOnlyForDeploymentPostprocessing = 0;
			shellPath = /bin/sh;
			shellScript = "# xcode-build-bump.sh\n# @desc Auto-increment the build number every time the project is run.\n# @usage\n# 1. Select: your Target in Xcode\n# 2. Select: Build Phases Tab\n# 3. Select: Add Build Phase -> Add Run Script\n# 4. Paste code below in to new \"Run Script\" section\n# 5. Drag the \"Run Script\" below \"Link Binaries With Libraries\"\n# 6. Insure that your starting build number is set to a whole integer and not a float (e.g. 1, not 1.0)\n\nbuildNumber=$(/usr/libexec/PlistBuddy -c \"Print CFBundleVersion\" \"${PROJECT_DIR}/${INFOPLIST_FILE}\")\nbuildNumber=$(($buildNumber + 1))\n/usr/libexec/PlistBuddy -c \"Set :CFBundleVersion $buildNumber\" \"${PROJECT_DIR}/${INFOPLIST_FILE}\"";
		};
/* End PBXShellScriptBuildPhase section */

/* Begin PBXSourcesBuildPhase section */
		DD2DD3A420820E1E008951C1 /* Sources */ = {
			isa = PBXSourcesBuildPhase;
			buildActionMask = 2147483647;
			files = (
				DD2DD3AB20820E1E008951C1 /* NotificationService.swift in Sources */,
			);
			runOnlyForDeploymentPostprocessing = 0;
		};
		DD37C7E320805A7D00834BFF /* Sources */ = {
			isa = PBXSourcesBuildPhase;
			buildActionMask = 2147483647;
			files = (
				DD4F8F73208488E8007CB8AA /* Rail.swift in Sources */,
				DD4F8F71208488E8007CB8AA /* XOR.swift in Sources */,
				DD4F8F6C208488E8007CB8AA /* sha256.swift in Sources */,
				DD4F8F6B208488E8007CB8AA /* caesar.swift in Sources */,
				DD4F8F6D208488E8007CB8AA /* BitShift.swift in Sources */,
				DD1D01E72080C70B001D833C /* Levels.swift in Sources */,
				DD4F8F72208488E8007CB8AA /* ROT13.swift in Sources */,
				DD4F8F6F208488E8007CB8AA /* b64.swift in Sources */,
				DD7FC4A5209C8FD40037B0B6 /* Zingle.swift in Sources */,
				DD0A74D6208DFD61008B0D9A /* ProgressBar.swift in Sources */,
				DD4F8F6E208488E8007CB8AA /* md5.swift in Sources */,
				DD37C7ED20805A7D00834BFF /* ViewController.swift in Sources */,
				DD2DD3BE2084862B008951C1 /* PickerView.swift in Sources */,
				DD1D01DF2080AF90001D833C /* NumberLabel.swift in Sources */,
				DD4F8F60208487B8007CB8AA /* Ciphers.swift in Sources */,
				DD4F8F70208488E8007CB8AA /* Emoji.swift in Sources */,
				DD2DD3BB208482DC008951C1 /* EncryptController.swift in Sources */,
				DDE7D697208B257A001E4BFE /* GoogleReporter.swift in Sources */,
				DD4F8F7520872A72007CB8AA /* binascii.swift in Sources */,
				DD1D01E42080BEEC001D833C /* LevelCell.swift in Sources */,
				DD4BDFA22081AF4900498B14 /* LevelController.swift in Sources */,
				DD4BDFA92082037B00498B14 /* Good Answer.swift in Sources */,
				DD4F8F7720873E07007CB8AA /* HashShift.swift in Sources */,
				DD37C7EB20805A7D00834BFF /* AppDelegate.swift in Sources */,
			);
			runOnlyForDeploymentPostprocessing = 0;
		};
		DDE7D698208B65AB001E4BFE /* Sources */ = {
			isa = PBXSourcesBuildPhase;
			buildActionMask = 2147483647;
			files = (
				DDE7D6B1208B66F3001E4BFE /* sha256.swift in Sources */,
				DDE7D6B0208B66F3001E4BFE /* caesar.swift in Sources */,
				DDE7D6B2208B66F3001E4BFE /* BitShift.swift in Sources */,
				DDE7D6B8208B66F3001E4BFE /* Rail.swift in Sources */,
				DDE7D6BC208B693F001E4BFE /* Parser.swift in Sources */,
				DDE7D6BA208B66F3001E4BFE /* HashShift.swift in Sources */,
				DDE7D6B9208B66F3001E4BFE /* binascii.swift in Sources */,
				DDE7D6B3208B66F3001E4BFE /* md5.swift in Sources */,
				DDE7D6B5208B66F3001E4BFE /* Emoji.swift in Sources */,
				DDE7D6B7208B66F3001E4BFE /* ROT13.swift in Sources */,
				DDD2FC93208B8E2800B2487E /* Ciphers.swift in Sources */,
				DDE7D6B6208B66F3001E4BFE /* XOR.swift in Sources */,
				DDE7D6B4208B66F3001E4BFE /* b64.swift in Sources */,
				DDE7D6A2208B65AB001E4BFE /* MessagesViewController.swift in Sources */,
			);
			runOnlyForDeploymentPostprocessing = 0;
		};
/* End PBXSourcesBuildPhase section */

/* Begin PBXTargetDependency section */
		DDE7D6AA208B65AD001E4BFE /* PBXTargetDependency */ = {
			isa = PBXTargetDependency;
			target = DDE7D69B208B65AB001E4BFE /* iMessage */;
			targetProxy = DDE7D6A9208B65AD001E4BFE /* PBXContainerItemProxy */;
		};
/* End PBXTargetDependency section */

/* Begin PBXVariantGroup section */
		DD37C7EE20805A7D00834BFF /* Main.storyboard */ = {
			isa = PBXVariantGroup;
			children = (
				DD37C7EF20805A7D00834BFF /* Base */,
			);
			name = Main.storyboard;
			sourceTree = "<group>";
		};
		DD37C7F320805A7E00834BFF /* LaunchScreen.storyboard */ = {
			isa = PBXVariantGroup;
			children = (
				DD37C7F420805A7E00834BFF /* Base */,
			);
			name = LaunchScreen.storyboard;
			sourceTree = "<group>";
		};
		DDE7D6A3208B65AB001E4BFE /* MainInterface.storyboard */ = {
			isa = PBXVariantGroup;
			children = (
				DDE7D6A4208B65AB001E4BFE /* Base */,
			);
			name = MainInterface.storyboard;
			sourceTree = "<group>";
		};
/* End PBXVariantGroup section */

/* Begin XCBuildConfiguration section */
		DD2DD3B020820E1E008951C1 /* Debug */ = {
			isa = XCBuildConfiguration;
			buildSettings = {
				CODE_SIGN_STYLE = Automatic;
				DEVELOPMENT_TEAM = 73CCF549YB;
				INFOPLIST_FILE = OneSignalNotificationServiceExtension/Info.plist;
				LD_RUNPATH_SEARCH_PATHS = (
					"$(inherited)",
					"@executable_path/Frameworks",
					"@executable_path/../../Frameworks",
				);
				PRODUCT_BUNDLE_IDENTIFIER = com.ArthurG.CrypTools;
				PRODUCT_NAME = "$(TARGET_NAME)";
				SKIP_INSTALL = YES;
				SWIFT_VERSION = 4.0;
				TARGETED_DEVICE_FAMILY = "1,2";
			};
			name = Debug;
		};
		DD2DD3B120820E1E008951C1 /* Release */ = {
			isa = XCBuildConfiguration;
			buildSettings = {
				CODE_SIGN_STYLE = Automatic;
				DEVELOPMENT_TEAM = 73CCF549YB;
				INFOPLIST_FILE = OneSignalNotificationServiceExtension/Info.plist;
				LD_RUNPATH_SEARCH_PATHS = (
					"$(inherited)",
					"@executable_path/Frameworks",
					"@executable_path/../../Frameworks",
				);
				PRODUCT_BUNDLE_IDENTIFIER = com.ArthurG.CrypTools;
				PRODUCT_NAME = "$(TARGET_NAME)";
				SKIP_INSTALL = YES;
				SWIFT_VERSION = 4.0;
				TARGETED_DEVICE_FAMILY = "1,2";
			};
			name = Release;
		};
		DD37C81720805A8000834BFF /* Debug */ = {
			isa = XCBuildConfiguration;
			buildSettings = {
				ALWAYS_SEARCH_USER_PATHS = NO;
				CLANG_ANALYZER_NONNULL = YES;
				CLANG_ANALYZER_NUMBER_OBJECT_CONVERSION = YES_AGGRESSIVE;
				CLANG_CXX_LANGUAGE_STANDARD = "gnu++14";
				CLANG_CXX_LIBRARY = "libc++";
				CLANG_ENABLE_MODULES = YES;
				CLANG_ENABLE_OBJC_ARC = YES;
				CLANG_ENABLE_OBJC_WEAK = YES;
				CLANG_WARN_BLOCK_CAPTURE_AUTORELEASING = YES;
				CLANG_WARN_BOOL_CONVERSION = YES;
				CLANG_WARN_COMMA = YES;
				CLANG_WARN_CONSTANT_CONVERSION = YES;
				CLANG_WARN_DEPRECATED_OBJC_IMPLEMENTATIONS = YES;
				CLANG_WARN_DIRECT_OBJC_ISA_USAGE = YES_ERROR;
				CLANG_WARN_DOCUMENTATION_COMMENTS = YES;
				CLANG_WARN_EMPTY_BODY = YES;
				CLANG_WARN_ENUM_CONVERSION = YES;
				CLANG_WARN_INFINITE_RECURSION = YES;
				CLANG_WARN_INT_CONVERSION = YES;
				CLANG_WARN_NON_LITERAL_NULL_CONVERSION = YES;
				CLANG_WARN_OBJC_IMPLICIT_RETAIN_SELF = YES;
				CLANG_WARN_OBJC_LITERAL_CONVERSION = YES;
				CLANG_WARN_OBJC_ROOT_CLASS = YES_ERROR;
				CLANG_WARN_RANGE_LOOP_ANALYSIS = YES;
				CLANG_WARN_STRICT_PROTOTYPES = YES;
				CLANG_WARN_SUSPICIOUS_MOVE = YES;
				CLANG_WARN_UNGUARDED_AVAILABILITY = YES_AGGRESSIVE;
				CLANG_WARN_UNREACHABLE_CODE = YES;
				CLANG_WARN__DUPLICATE_METHOD_MATCH = YES;
				CODE_SIGN_IDENTITY = "iPhone Developer";
				COPY_PHASE_STRIP = NO;
				DEBUG_INFORMATION_FORMAT = dwarf;
				ENABLE_STRICT_OBJC_MSGSEND = YES;
				ENABLE_TESTABILITY = YES;
				GCC_C_LANGUAGE_STANDARD = gnu11;
				GCC_DYNAMIC_NO_PIC = NO;
				GCC_NO_COMMON_BLOCKS = YES;
				GCC_OPTIMIZATION_LEVEL = 0;
				GCC_PREPROCESSOR_DEFINITIONS = (
					"DEBUG=1",
					"$(inherited)",
				);
				GCC_WARN_64_TO_32_BIT_CONVERSION = YES;
				GCC_WARN_ABOUT_RETURN_TYPE = YES_ERROR;
				GCC_WARN_UNDECLARED_SELECTOR = YES;
				GCC_WARN_UNINITIALIZED_AUTOS = YES_AGGRESSIVE;
				GCC_WARN_UNUSED_FUNCTION = YES;
				GCC_WARN_UNUSED_VARIABLE = YES;
				IPHONEOS_DEPLOYMENT_TARGET = 11.0;
				MTL_ENABLE_DEBUG_INFO = YES;
				ONLY_ACTIVE_ARCH = YES;
				SDKROOT = iphoneos;
				SWIFT_ACTIVE_COMPILATION_CONDITIONS = DEBUG;
				SWIFT_OPTIMIZATION_LEVEL = "-Onone";
			};
			name = Debug;
		};
		DD37C81820805A8000834BFF /* Release */ = {
			isa = XCBuildConfiguration;
			buildSettings = {
				ALWAYS_SEARCH_USER_PATHS = NO;
				CLANG_ANALYZER_NONNULL = YES;
				CLANG_ANALYZER_NUMBER_OBJECT_CONVERSION = YES_AGGRESSIVE;
				CLANG_CXX_LANGUAGE_STANDARD = "gnu++14";
				CLANG_CXX_LIBRARY = "libc++";
				CLANG_ENABLE_MODULES = YES;
				CLANG_ENABLE_OBJC_ARC = YES;
				CLANG_ENABLE_OBJC_WEAK = YES;
				CLANG_WARN_BLOCK_CAPTURE_AUTORELEASING = YES;
				CLANG_WARN_BOOL_CONVERSION = YES;
				CLANG_WARN_COMMA = YES;
				CLANG_WARN_CONSTANT_CONVERSION = YES;
				CLANG_WARN_DEPRECATED_OBJC_IMPLEMENTATIONS = YES;
				CLANG_WARN_DIRECT_OBJC_ISA_USAGE = YES_ERROR;
				CLANG_WARN_DOCUMENTATION_COMMENTS = YES;
				CLANG_WARN_EMPTY_BODY = YES;
				CLANG_WARN_ENUM_CONVERSION = YES;
				CLANG_WARN_INFINITE_RECURSION = YES;
				CLANG_WARN_INT_CONVERSION = YES;
				CLANG_WARN_NON_LITERAL_NULL_CONVERSION = YES;
				CLANG_WARN_OBJC_IMPLICIT_RETAIN_SELF = YES;
				CLANG_WARN_OBJC_LITERAL_CONVERSION = YES;
				CLANG_WARN_OBJC_ROOT_CLASS = YES_ERROR;
				CLANG_WARN_RANGE_LOOP_ANALYSIS = YES;
				CLANG_WARN_STRICT_PROTOTYPES = YES;
				CLANG_WARN_SUSPICIOUS_MOVE = YES;
				CLANG_WARN_UNGUARDED_AVAILABILITY = YES_AGGRESSIVE;
				CLANG_WARN_UNREACHABLE_CODE = YES;
				CLANG_WARN__DUPLICATE_METHOD_MATCH = YES;
				CODE_SIGN_IDENTITY = "iPhone Developer";
				COPY_PHASE_STRIP = NO;
				DEBUG_INFORMATION_FORMAT = "dwarf-with-dsym";
				ENABLE_NS_ASSERTIONS = NO;
				ENABLE_STRICT_OBJC_MSGSEND = YES;
				GCC_C_LANGUAGE_STANDARD = gnu11;
				GCC_NO_COMMON_BLOCKS = YES;
				GCC_WARN_64_TO_32_BIT_CONVERSION = YES;
				GCC_WARN_ABOUT_RETURN_TYPE = YES_ERROR;
				GCC_WARN_UNDECLARED_SELECTOR = YES;
				GCC_WARN_UNINITIALIZED_AUTOS = YES_AGGRESSIVE;
				GCC_WARN_UNUSED_FUNCTION = YES;
				GCC_WARN_UNUSED_VARIABLE = YES;
				IPHONEOS_DEPLOYMENT_TARGET = 11.0;
				MTL_ENABLE_DEBUG_INFO = NO;
				SDKROOT = iphoneos;
				SWIFT_COMPILATION_MODE = wholemodule;
				SWIFT_OPTIMIZATION_LEVEL = "-O";
				VALIDATE_PRODUCT = YES;
			};
			name = Release;
		};
		DD37C82220805A8000834BFF /* Debug */ = {
			isa = XCBuildConfiguration;
			buildSettings = {
				ALWAYS_EMBED_SWIFT_STANDARD_LIBRARIES = YES;
				ASSETCATALOG_COMPILER_APPICON_NAME = AppIcon;
				CODE_SIGN_ENTITLEMENTS = CrypTools/CrypTools.entitlements;
				CODE_SIGN_STYLE = Automatic;
				DEVELOPMENT_TEAM = 73CCF549YB;
				FRAMEWORK_SEARCH_PATHS = (
					"$(inherited)",
					"$(PROJECT_DIR)/Carthage/Build/iOS",
				);
				INFOPLIST_FILE = CrypTools/Info.plist;
				IPHONEOS_DEPLOYMENT_TARGET = 11.0;
				LD_RUNPATH_SEARCH_PATHS = (
					"$(inherited)",
					"@executable_path/Frameworks",
				);
				PRODUCT_BUNDLE_IDENTIFIER = com.ArthurG.CrypTools;
				PRODUCT_NAME = "$(TARGET_NAME)";
				SWIFT_VERSION = 4.0;
				TARGETED_DEVICE_FAMILY = 1;
			};
			name = Debug;
		};
		DD37C82320805A8000834BFF /* Release */ = {
			isa = XCBuildConfiguration;
			buildSettings = {
				ALWAYS_EMBED_SWIFT_STANDARD_LIBRARIES = YES;
				ASSETCATALOG_COMPILER_APPICON_NAME = AppIcon;
				CODE_SIGN_ENTITLEMENTS = CrypTools/CrypTools.entitlements;
				CODE_SIGN_STYLE = Automatic;
				DEVELOPMENT_TEAM = 73CCF549YB;
				FRAMEWORK_SEARCH_PATHS = (
					"$(inherited)",
					"$(PROJECT_DIR)/Carthage/Build/iOS",
				);
				INFOPLIST_FILE = CrypTools/Info.plist;
				IPHONEOS_DEPLOYMENT_TARGET = 11.0;
				LD_RUNPATH_SEARCH_PATHS = (
					"$(inherited)",
					"@executable_path/Frameworks",
				);
				PRODUCT_BUNDLE_IDENTIFIER = com.ArthurG.CrypTools;
				PRODUCT_NAME = "$(TARGET_NAME)";
				SWIFT_VERSION = 4.0;
				TARGETED_DEVICE_FAMILY = 1;
			};
			name = Release;
		};
		DDE7D6AD208B65AD001E4BFE /* Debug */ = {
			isa = XCBuildConfiguration;
			buildSettings = {
				ASSETCATALOG_COMPILER_APPICON_NAME = "iMessage App Icon";
				CODE_SIGN_STYLE = Automatic;
				DEVELOPMENT_TEAM = 73CCF549YB;
				INFOPLIST_FILE = iMessage/Info.plist;
				IPHONEOS_DEPLOYMENT_TARGET = 11.3;
				LD_RUNPATH_SEARCH_PATHS = (
					"$(inherited)",
					"@executable_path/Frameworks",
					"@executable_path/../../Frameworks",
				);
				PRODUCT_BUNDLE_IDENTIFIER = com.ArthurG.CrypTools.iMessage;
				PRODUCT_NAME = "$(TARGET_NAME)";
				SKIP_INSTALL = YES;
				SWIFT_VERSION = 4.0;
				TARGETED_DEVICE_FAMILY = "1,2";
			};
			name = Debug;
		};
		DDE7D6AE208B65AD001E4BFE /* Release */ = {
			isa = XCBuildConfiguration;
			buildSettings = {
				ASSETCATALOG_COMPILER_APPICON_NAME = "iMessage App Icon";
				CODE_SIGN_STYLE = Automatic;
				DEVELOPMENT_TEAM = 73CCF549YB;
				INFOPLIST_FILE = iMessage/Info.plist;
				IPHONEOS_DEPLOYMENT_TARGET = 11.3;
				LD_RUNPATH_SEARCH_PATHS = (
					"$(inherited)",
					"@executable_path/Frameworks",
					"@executable_path/../../Frameworks",
				);
				PRODUCT_BUNDLE_IDENTIFIER = com.ArthurG.CrypTools.iMessage;
				PRODUCT_NAME = "$(TARGET_NAME)";
				SKIP_INSTALL = YES;
				SWIFT_VERSION = 4.0;
				TARGETED_DEVICE_FAMILY = "1,2";
			};
			name = Release;
		};
/* End XCBuildConfiguration section */

/* Begin XCConfigurationList section */
		DD2DD3B220820E1E008951C1 /* Build configuration list for PBXNativeTarget "OneSignalNotificationServiceExtension" */ = {
			isa = XCConfigurationList;
			buildConfigurations = (
				DD2DD3B020820E1E008951C1 /* Debug */,
				DD2DD3B120820E1E008951C1 /* Release */,
			);
			defaultConfigurationIsVisible = 0;
			defaultConfigurationName = Release;
		};
		DD37C7E220805A7D00834BFF /* Build configuration list for PBXProject "CrypTools" */ = {
			isa = XCConfigurationList;
			buildConfigurations = (
				DD37C81720805A8000834BFF /* Debug */,
				DD37C81820805A8000834BFF /* Release */,
			);
			defaultConfigurationIsVisible = 0;
			defaultConfigurationName = Release;
		};
		DD37C82120805A8000834BFF /* Build configuration list for PBXNativeTarget "CrypTools" */ = {
			isa = XCConfigurationList;
			buildConfigurations = (
				DD37C82220805A8000834BFF /* Debug */,
				DD37C82320805A8000834BFF /* Release */,
			);
			defaultConfigurationIsVisible = 0;
			defaultConfigurationName = Release;
		};
		DDE7D6AC208B65AD001E4BFE /* Build configuration list for PBXNativeTarget "iMessage" */ = {
			isa = XCConfigurationList;
			buildConfigurations = (
				DDE7D6AD208B65AD001E4BFE /* Debug */,
				DDE7D6AE208B65AD001E4BFE /* Release */,
			);
			defaultConfigurationIsVisible = 0;
			defaultConfigurationName = Release;
		};
/* End XCConfigurationList section */
	};
	rootObject = DD37C7DF20805A7D00834BFF /* Project object */;
}
